
Microsoft Visual Studio Solution File, Format Version 12.00
# Visual Studio Version 17
VisualStudioVersion = 17.13.35825.156 d17.13
MinimumVisualStudioVersion = 10.0.40219.1
Project("{FAE04EC0-301F-11D3-BF4B-00C04F79EFBC}") = "Password Manager", "Password Manager\Password Manager.csproj", "{0123D965-2047-48FE-87F4-23ED4F8BBB8A}"
EndProject
Global
	GlobalSection(SolutionConfigurationPlatforms) = preSolution
		Debug|Any CPU = Debug|Any CPU
		Release|Any CPU = Release|Any CPU
	EndGlobalSection
	GlobalSection(ProjectConfigurationPlatforms) = postSolution
		{0123D965-2047-48FE-87F4-23ED4F8BBB8A}.Debug|Any CPU.ActiveCfg = Debug|Any CPU
		{0123D965-2047-48FE-87F4-23ED4F8BBB8A}.Debug|Any CPU.Build.0 = Debug|Any CPU
		{0123D965-2047-48FE-87F4-23ED4F8BBB8A}.Release|Any CPU.ActiveCfg = Release|Any CPU
		{0123D965-2047-48FE-87F4-23ED4F8BBB8A}.Release|Any CPU.Build.0 = Release|Any CPU
	EndGlobalSection
	GlobalSection(SolutionProperties) = preSolution
		HideSolutionNode = FALSE
	EndGlobalSection
	GlobalSection(ExtensibilityGlobals) = postSolution
		SolutionGuid = {3BCA5E64-351C-4CFA-A872-FDE503E26CDF}
	EndGlobalSection
EndGlobal
